
Microsoft Visual Studio Solution File, Format Version 12.00
# Visual Studio Version 17
VisualStudioVersion = 17.4.33213.308
MinimumVisualStudioVersion = 10.0.40219.1
Project("{FAE04EC0-301F-11D3-BF4B-00C04F79EFBC}") = "FizzBuzz.Demo", "FizzBuzz.Demo\FizzBuzz.Demo.csproj", "{C9A918D2-BCE6-4B1E-A884-1C08E102BC2D}"
EndProject
Project("{FAE04EC0-301F-11D3-BF4B-00C04F79EFBC}") = "FizzBuzz.Tests", "FizzBuzz.Tests\FizzBuzz.Tests.csproj", "{57678225-EA1D-4022-A81A-AFF9FCA88D55}"
EndProject
Global
	GlobalSection(SolutionConfigurationPlatforms) = preSolution
		Debug|Any CPU = Debug|Any CPU
		Release|Any CPU = Release|Any CPU
	EndGlobalSection
	GlobalSection(ProjectConfigurationPlatforms) = postSolution
		{C9A918D2-BCE6-4B1E-A884-1C08E102BC2D}.Debug|Any CPU.ActiveCfg = Debug|Any CPU
		{C9A918D2-BCE6-4B1E-A884-1C08E102BC2D}.Debug|Any CPU.Build.0 = Debug|Any CPU
		{C9A918D2-BCE6-4B1E-A884-1C08E102BC2D}.Release|Any CPU.ActiveCfg = Release|Any CPU
		{C9A918D2-BCE6-4B1E-A884-1C08E102BC2D}.Release|Any CPU.Build.0 = Release|Any CPU
		{57678225-EA1D-4022-A81A-AFF9FCA88D55}.Debug|Any CPU.ActiveCfg = Debug|Any CPU
		{57678225-EA1D-4022-A81A-AFF9FCA88D55}.Debug|Any CPU.Build.0 = Debug|Any CPU
		{57678225-EA1D-4022-A81A-AFF9FCA88D55}.Release|Any CPU.ActiveCfg = Release|Any CPU
		{57678225-EA1D-4022-A81A-AFF9FCA88D55}.Release|Any CPU.Build.0 = Release|Any CPU
	EndGlobalSection
	GlobalSection(SolutionProperties) = preSolution
		HideSolutionNode = FALSE
	EndGlobalSection
	GlobalSection(ExtensibilityGlobals) = postSolution
		SolutionGuid = {6809352D-41AE-4639-8013-2F70BE99218E}
	EndGlobalSection
EndGlobal
